# THIS IS AN AUTOGENERATED FILE. DO NOT EDIT THIS FILE DIRECTLY.
# yarn lockfile v1


"@apollo/client@^3.3.7":
  version "3.3.20"
  resolved "https://registry.yarnpkg.com/@apollo/client/-/client-3.3.20.tgz#8f0935fa991857e9cf2e73c9bd378ad7ec97caf8"
  integrity sha512-hS7UmBwJweudw/J3M0RAcusMHNiRuGqkRH6g91PM2ev8cXScIMdXr/++9jo7wD1nAITMCMF4HQQ3LFaw/Or0Bw==
  dependencies:
    "@graphql-typed-document-node/core" "^3.0.0"
    "@types/zen-observable" "^0.8.0"
    "@wry/context" "^0.6.0"
    "@wry/equality" "^0.5.0"
    fast-json-stable-stringify "^2.0.0"
    graphql-tag "^2.12.0"
    hoist-non-react-statics "^3.3.2"
    optimism "^0.16.0"
    prop-types "^15.7.2"
    symbol-observable "^4.0.0"
    ts-invariant "^0.7.0"
    tslib "^1.10.0"
    zen-observable "^0.8.14"

"@ethersproject/abi@5.3.0", "@ethersproject/abi@^5.3.0":
  version "5.3.0"
  resolved "https://registry.yarnpkg.com/@ethersproject/abi/-/abi-5.3.0.tgz#00f0647d906edcd32c50b16ab9c98f83e208dcf1"
  integrity sha512-NaT4UacjOwca8qCG/gv8k+DgTcWu49xlrvdhr/p8PTFnoS8e3aMWqjI3znFME5Txa/QWXDrg2/heufIUue9rtw==
  dependencies:
    "@ethersproject/address" "^5.3.0"
    "@ethersproject/bignumber" "^5.3.0"
    "@ethersproject/bytes" "^5.3.0"
    "@ethersproject/constants" "^5.3.0"
    "@ethersproject/hash" "^5.3.0"
    "@ethersproject/keccak256" "^5.3.0"
    "@ethersproject/logger" "^5.3.0"
    "@ethersproject/properties" "^5.3.0"
    "@ethersproject/strings" "^5.3.0"

"@ethersproject/abstract-provider@5.3.0", "@ethersproject/abstract-provider@^5.3.0":
  version "5.3.0"
  resolved "https://registry.yarnpkg.com/@ethersproject/abstract-provider/-/abstract-provider-5.3.0.tgz#f4c0ae4a4cef9f204d7781de805fd44b72756c81"
  integrity sha512-1+MLhGP1GwxBDBNwMWVmhCsvKwh4gK7oIfOrmlmePNeskg1NhIrYssraJBieaFNHUYfKEd/1DjiVZMw8Qu5Cxw==
  dependencies:
    "@ethersproject/bignumber" "^5.3.0"
    "@ethersproject/bytes" "^5.3.0"
    "@ethersproject/logger" "^5.3.0"
    "@ethersproject/networks" "^5.3.0"
    "@ethersproject/properties" "^5.3.0"
    "@ethersproject/transactions" "^5.3.0"
    "@ethersproject/web" "^5.3.0"

"@ethersproject/abstract-signer@5.3.0", "@ethersproject/abstract-signer@^5.3.0":
  version "5.3.0"
  resolved "https://registry.yarnpkg.com/@ethersproject/abstract-signer/-/abstract-signer-5.3.0.tgz#05172b653e15b535ed5854ef5f6a72f4b441052d"
  integrity sha512-w8IFwOYqiPrtvosPuArZ3+QPR2nmdVTRrVY8uJYL3NNfMmQfTy3V3l2wbzX47UUlNbPJY+gKvzJAyvK1onZxJg==
  dependencies:
    "@ethersproject/abstract-provider" "^5.3.0"
    "@ethersproject/bignumber" "^5.3.0"
    "@ethersproject/bytes" "^5.3.0"
    "@ethersproject/logger" "^5.3.0"
    "@ethersproject/properties" "^5.3.0"

"@ethersproject/address@5.3.0", "@ethersproject/address@^5.3.0":
  version "5.3.0"
  resolved "https://registry.yarnpkg.com/@ethersproject/address/-/address-5.3.0.tgz#e53b69eacebf332e8175de814c5e6507d6932518"
  integrity sha512-29TgjzEBK+gUEUAOfWCG7s9IxLNLCqvr+oDSk6L9TXD0VLvZJKhJV479tKQqheVA81OeGxfpdxYtUVH8hqlCvA==
  dependencies:
    "@ethersproject/bignumber" "^5.3.0"
    "@ethersproject/bytes" "^5.3.0"
    "@ethersproject/keccak256" "^5.3.0"
    "@ethersproject/logger" "^5.3.0"
    "@ethersproject/rlp" "^5.3.0"

"@ethersproject/base64@5.3.0", "@ethersproject/base64@^5.3.0":
  version "5.3.0"
  resolved "https://registry.yarnpkg.com/@ethersproject/base64/-/base64-5.3.0.tgz#b831fb35418b42ad24d943c557259062b8640824"
  integrity sha512-JIqgtOmgKcbc2sjGWTXyXktqUhvFUDte8fPVsAaOrcPiJf6YotNF+nsrOYGC9pbHBEGSuSBp3QR0varkO8JHEw==
  dependencies:
    "@ethersproject/bytes" "^5.3.0"

"@ethersproject/basex@5.3.0", "@ethersproject/basex@^5.3.0":
  version "5.3.0"
  resolved "https://registry.yarnpkg.com/@ethersproject/basex/-/basex-5.3.0.tgz#02dea3ab8559ae625c6d548bc11773432255c916"
  integrity sha512-8J4nS6t/SOnoCgr3DF5WCSRLC5YwTKYpZWJqeyYQLX+86TwPhtzvHXacODzcDII9tWKhVg6g0Bka8JCBWXsCiQ==
  dependencies:
    "@ethersproject/bytes" "^5.3.0"
    "@ethersproject/properties" "^5.3.0"

"@ethersproject/bignumber@5.3.0", "@ethersproject/bignumber@^5.3.0":
  version "5.3.0"
  resolved "https://registry.yarnpkg.com/@ethersproject/bignumber/-/bignumber-5.3.0.tgz#74ab2ec9c3bda4e344920565720a6ee9c794e9db"
  integrity sha512-5xguJ+Q1/zRMgHgDCaqAexx/8DwDVLRemw2i6uR8KyGjwGdXI8f32QZZ1cKGucBN6ekJvpUpHy6XAuQnTv0mPA==
  dependencies:
    "@ethersproject/bytes" "^5.3.0"
    "@ethersproject/logger" "^5.3.0"
    bn.js "^4.11.9"

"@ethersproject/bytes@5.3.0", "@ethersproject/bytes@^5.3.0":
  version "5.3.0"
  resolved "https://registry.yarnpkg.com/@ethersproject/bytes/-/bytes-5.3.0.tgz#473e0da7f831d535b2002be05e6f4ca3729a1bc9"
  integrity sha512-rqLJjdVqCcn7glPer7Fxh87PRqlnRScVAoxcIP3PmOUNApMWJ6yRdOFfo2KvPAdO7Le3yEI1o0YW+Yvr7XCYvw==
  dependencies:
    "@ethersproject/logger" "^5.3.0"

"@ethersproject/constants@5.3.0", "@ethersproject/constants@^5.3.0":
  version "5.3.0"
  resolved "https://registry.yarnpkg.com/@ethersproject/constants/-/constants-5.3.0.tgz#a5d6d86c0eec2c64c3024479609493b9afb3fc77"
  integrity sha512-4y1feNOwEpgjAfiCFWOHznvv6qUF/H6uI0UKp8xdhftb+H+FbKflXg1pOgH5qs4Sr7EYBL+zPyPb+YD5g1aEyw==
  dependencies:
    "@ethersproject/bignumber" "^5.3.0"

"@ethersproject/contracts@5.3.0":
  version "5.3.0"
  resolved "https://registry.yarnpkg.com/@ethersproject/contracts/-/contracts-5.3.0.tgz#ad699a3abaae30bfb6422cf31813a663b2d4099c"
  integrity sha512-eDyQ8ltykvyQqnGZxb/c1e0OnEtzqXhNNC4BX8nhYBCaoBrYYuK/1fLmyEvc5+XUMoxNhwpYkoSSwvPLci7/Zg==
  dependencies:
    "@ethersproject/abi" "^5.3.0"
    "@ethersproject/abstract-provider" "^5.3.0"
    "@ethersproject/abstract-signer" "^5.3.0"
    "@ethersproject/address" "^5.3.0"
    "@ethersproject/bignumber" "^5.3.0"
    "@ethersproject/bytes" "^5.3.0"
    "@ethersproject/constants" "^5.3.0"
    "@ethersproject/logger" "^5.3.0"
    "@ethersproject/properties" "^5.3.0"
    "@ethersproject/transactions" "^5.3.0"

"@ethersproject/hash@5.3.0", "@ethersproject/hash@^5.3.0":
  version "5.3.0"
  resolved "https://registry.yarnpkg.com/@ethersproject/hash/-/hash-5.3.0.tgz#f65e3bf3db3282df4da676db6cfa049535dd3643"
  integrity sha512-gAFZSjUPQ32CIfoKSMtMEQ+IO0kQxqhwz9fCIFt2DtAq2u4pWt8mL9Z5P0r6KkLcQU8LE9FmuPPyd+JvBzmr1w==
  dependencies:
    "@ethersproject/abstract-signer" "^5.3.0"
    "@ethersproject/address" "^5.3.0"
    "@ethersproject/bignumber" "^5.3.0"
    "@ethersproject/bytes" "^5.3.0"
    "@ethersproject/keccak256" "^5.3.0"
    "@ethersproject/logger" "^5.3.0"
    "@ethersproject/properties" "^5.3.0"
    "@ethersproject/strings" "^5.3.0"

"@ethersproject/hdnode@5.3.0", "@ethersproject/hdnode@^5.3.0":
  version "5.3.0"
  resolved "https://registry.yarnpkg.com/@ethersproject/hdnode/-/hdnode-5.3.0.tgz#26fed65ffd5c25463fddff13f5fb4e5617553c94"
  integrity sha512-zLmmtLNoDMGoYRdjOab01Zqkvp+TmZyCGDAMQF1Bs3yZyBs/kzTNi1qJjR1jVUcPP5CWGtjFwY8iNG8oNV9J8g==
  dependencies:
    "@ethersproject/abstract-signer" "^5.3.0"
    "@ethersproject/basex" "^5.3.0"
    "@ethersproject/bignumber" "^5.3.0"
    "@ethersproject/bytes" "^5.3.0"
    "@ethersproject/logger" "^5.3.0"
    "@ethersproject/pbkdf2" "^5.3.0"
    "@ethersproject/properties" "^5.3.0"
    "@ethersproject/sha2" "^5.3.0"
    "@ethersproject/signing-key" "^5.3.0"
    "@ethersproject/strings" "^5.3.0"
    "@ethersproject/transactions" "^5.3.0"
    "@ethersproject/wordlists" "^5.3.0"

"@ethersproject/json-wallets@5.3.0", "@ethersproject/json-wallets@^5.3.0":
  version "5.3.0"
  resolved "https://registry.yarnpkg.com/@ethersproject/json-wallets/-/json-wallets-5.3.0.tgz#7b1a5ff500c12aa8597ae82c8939837b0449376e"
  integrity sha512-/xwbqaIb5grUIGNmeEaz8GdcpmDr++X8WT4Jqcclnxow8PXCUHFeDxjf3O+nSuoqOYG/Ds0+BI5xuQKbva6Xkw==
  dependencies:
    "@ethersproject/abstract-signer" "^5.3.0"
    "@ethersproject/address" "^5.3.0"
    "@ethersproject/bytes" "^5.3.0"
    "@ethersproject/hdnode" "^5.3.0"
    "@ethersproject/keccak256" "^5.3.0"
    "@ethersproject/logger" "^5.3.0"
    "@ethersproject/pbkdf2" "^5.3.0"
    "@ethersproject/properties" "^5.3.0"
    "@ethersproject/random" "^5.3.0"
    "@ethersproject/strings" "^5.3.0"
    "@ethersproject/transactions" "^5.3.0"
    aes-js "3.0.0"
    scrypt-js "3.0.1"

"@ethersproject/keccak256@5.3.0", "@ethersproject/keccak256@^5.3.0":
  version "5.3.0"
  resolved "https://registry.yarnpkg.com/@ethersproject/keccak256/-/keccak256-5.3.0.tgz#fb5cd36bdfd6fa02e2ea84964078a9fc6bd731be"
  integrity sha512-Gv2YqgIUmRbYVNIibafT0qGaeGYLIA/EdWHJ7JcVxVSs2vyxafGxOJ5VpSBHWeOIsE6OOaCelYowhuuTicgdFQ==
  dependencies:
    "@ethersproject/bytes" "^5.3.0"
    js-sha3 "0.5.7"

"@ethersproject/logger@5.3.0", "@ethersproject/logger@^5.3.0":
  version "5.3.0"
  resolved "https://registry.yarnpkg.com/@ethersproject/logger/-/logger-5.3.0.tgz#7a69fa1d4ca0d4b7138da1627eb152f763d84dd0"
  integrity sha512-8bwJ2gxJGkZZnpQSq5uSiZSJjyVTWmlGft4oH8vxHdvO1Asy4TwVepAhPgxIQIMxXZFUNMych1YjIV4oQ4I7dA==

"@ethersproject/networks@5.3.0", "@ethersproject/networks@^5.3.0":
  version "5.3.0"
  resolved "https://registry.yarnpkg.com/@ethersproject/networks/-/networks-5.3.0.tgz#d8ad06eb107c69fb8651f4c81ddd0e88944fdfea"
  integrity sha512-XGbD9MMgqrR7SYz8o6xVgdG+25v7YT5vQG8ZdlcLj2I7elOBM7VNeQrnxfSN7rWQNcqu2z80OM29gGbQz+4Low==
  dependencies:
    "@ethersproject/logger" "^5.3.0"

"@ethersproject/pbkdf2@5.3.0", "@ethersproject/pbkdf2@^5.3.0":
  version "5.3.0"
  resolved "https://registry.yarnpkg.com/@ethersproject/pbkdf2/-/pbkdf2-5.3.0.tgz#8adbb41489c3c9f319cc44bc7d3e6095fd468dc8"
  integrity sha512-Q9ChVU6gBFiex0FSdtzo4b0SAKz3ZYcYVFLrEWHL0FnHvNk3J3WgAtRNtBQGQYn/T5wkoTdZttMbfBkFlaiWcA==
  dependencies:
    "@ethersproject/bytes" "^5.3.0"
    "@ethersproject/sha2" "^5.3.0"

"@ethersproject/properties@5.3.0", "@ethersproject/properties@^5.3.0":
  version "5.3.0"
  resolved "https://registry.yarnpkg.com/@ethersproject/properties/-/properties-5.3.0.tgz#feef4c4babeb7c10a6b3449575016f4ad2c092b2"
  integrity sha512-PaHxJyM5/bfusk6vr3yP//JMnm4UEojpzuWGTmtL5X4uNhNnFNvlYilZLyDr4I9cTkIbipCMsAuIcXWsmdRnEw==
  dependencies:
    "@ethersproject/logger" "^5.3.0"

"@ethersproject/providers@5.3.0":
  version "5.3.0"
  resolved "https://registry.yarnpkg.com/@ethersproject/providers/-/providers-5.3.0.tgz#bccb49f1073a7d56e24f49abb14bb281c9b08636"
  integrity sha512-HtL+DEbzPcRyfrkrMay7Rk/4he+NbUpzI/wHXP4Cqtra82nQOnqqCgTQc4HbdDrl75WVxG/JRMFhyneIPIMZaA==
  dependencies:
    "@ethersproject/abstract-provider" "^5.3.0"
    "@ethersproject/abstract-signer" "^5.3.0"
    "@ethersproject/address" "^5.3.0"
    "@ethersproject/basex" "^5.3.0"
    "@ethersproject/bignumber" "^5.3.0"
    "@ethersproject/bytes" "^5.3.0"
    "@ethersproject/constants" "^5.3.0"
    "@ethersproject/hash" "^5.3.0"
    "@ethersproject/logger" "^5.3.0"
    "@ethersproject/networks" "^5.3.0"
    "@ethersproject/properties" "^5.3.0"
    "@ethersproject/random" "^5.3.0"
    "@ethersproject/rlp" "^5.3.0"
    "@ethersproject/sha2" "^5.3.0"
    "@ethersproject/strings" "^5.3.0"
    "@ethersproject/transactions" "^5.3.0"
    "@ethersproject/web" "^5.3.0"
    bech32 "1.1.4"
    ws "7.4.6"

"@ethersproject/random@5.3.0", "@ethersproject/random@^5.3.0":
  version "5.3.0"
  resolved "https://registry.yarnpkg.com/@ethersproject/random/-/random-5.3.0.tgz#7c46bf36e50cb0d0550bc8c666af8e1d4496dc1a"
  integrity sha512-A5SL/4inutSwt3Fh2OD0x2gz+x6GHmuUnIPkR7zAiTidMD2N8F6tZdMF1hlQKWVCcVMWhEQg8mWijhEzm6BBYw==
  dependencies:
    "@ethersproject/bytes" "^5.3.0"
    "@ethersproject/logger" "^5.3.0"

"@ethersproject/rlp@5.3.0", "@ethersproject/rlp@^5.3.0":
  version "5.3.0"
  resolved "https://registry.yarnpkg.com/@ethersproject/rlp/-/rlp-5.3.0.tgz#7cb93a7b5dfa69163894153c9d4b0d936f333188"
  integrity sha512-oI0joYpsRanl9guDubaW+1NbcpK0vJ3F/6Wpcanzcnqq+oaW9O5E98liwkEDPcb16BUTLIJ+ZF8GPIHYxJ/5Pw==
  dependencies:
    "@ethersproject/bytes" "^5.3.0"
    "@ethersproject/logger" "^5.3.0"

"@ethersproject/sha2@5.3.0", "@ethersproject/sha2@^5.3.0":
  version "5.3.0"
  resolved "https://registry.yarnpkg.com/@ethersproject/sha2/-/sha2-5.3.0.tgz#209f9a1649f7d2452dcd5e5b94af43b7f3f42366"
  integrity sha512-r5ftlwKcocYEuFz2JbeKOT5SAsCV4m1RJDsTOEfQ5L67ZC7NFDK5i7maPdn1bx4nPhylF9VAwxSrQ1esmwzylg==
  dependencies:
    "@ethersproject/bytes" "^5.3.0"
    "@ethersproject/logger" "^5.3.0"
    hash.js "1.1.7"

"@ethersproject/signing-key@5.3.0", "@ethersproject/signing-key@^5.3.0":
  version "5.3.0"
  resolved "https://registry.yarnpkg.com/@ethersproject/signing-key/-/signing-key-5.3.0.tgz#a96c88f8173e1abedfa35de32d3e5db7c48e5259"
  integrity sha512-+DX/GwHAd0ok1bgedV1cKO0zfK7P/9aEyNoaYiRsGHpCecN7mhLqcdoUiUzE7Uz86LBsxm5ssK0qA1kBB47fbQ==
  dependencies:
    "@ethersproject/bytes" "^5.3.0"
    "@ethersproject/logger" "^5.3.0"
    "@ethersproject/properties" "^5.3.0"
    bn.js "^4.11.9"
    elliptic "6.5.4"
    hash.js "1.1.7"

"@ethersproject/solidity@5.3.0":
  version "5.3.0"
  resolved "https://registry.yarnpkg.com/@ethersproject/solidity/-/solidity-5.3.0.tgz#2a0b00b4aaaef99a080ddea13acab1fa35cd4a93"
  integrity sha512-uLRBaNUiISHbut94XKewJgQh6UmydWTBp71I7I21pkjVXfZO2dJ5EOo3jCnumJc01M4LOm79dlNNmF3oGIvweQ==
  dependencies:
    "@ethersproject/bignumber" "^5.3.0"
    "@ethersproject/bytes" "^5.3.0"
    "@ethersproject/keccak256" "^5.3.0"
    "@ethersproject/sha2" "^5.3.0"
    "@ethersproject/strings" "^5.3.0"

"@ethersproject/strings@5.3.0", "@ethersproject/strings@^5.3.0":
  version "5.3.0"
  resolved "https://registry.yarnpkg.com/@ethersproject/strings/-/strings-5.3.0.tgz#a6b640aab56a18e0909f657da798eef890968ff0"
  integrity sha512-j/AzIGZ503cvhuF2ldRSjB0BrKzpsBMtCieDtn4TYMMZMQ9zScJn9wLzTQl/bRNvJbBE6TOspK0r8/Ngae/f2Q==
  dependencies:
    "@ethersproject/bytes" "^5.3.0"
    "@ethersproject/constants" "^5.3.0"
    "@ethersproject/logger" "^5.3.0"

"@ethersproject/transactions@5.3.0", "@ethersproject/transactions@^5.3.0":
  version "5.3.0"
  resolved "https://registry.yarnpkg.com/@ethersproject/transactions/-/transactions-5.3.0.tgz#49b86f2bafa4d0bdf8e596578fc795ee47c50458"
  integrity sha512-cdfK8VVyW2oEBCXhURG0WQ6AICL/r6Gmjh0e4Bvbv6MCn/GBd8FeBH3rtl7ho+AW50csMKeGv3m3K1HSHB2jMQ==
  dependencies:
    "@ethersproject/address" "^5.3.0"
    "@ethersproject/bignumber" "^5.3.0"
    "@ethersproject/bytes" "^5.3.0"
    "@ethersproject/constants" "^5.3.0"
    "@ethersproject/keccak256" "^5.3.0"
    "@ethersproject/logger" "^5.3.0"
    "@ethersproject/properties" "^5.3.0"
    "@ethersproject/rlp" "^5.3.0"
    "@ethersproject/signing-key" "^5.3.0"

"@ethersproject/units@5.3.0":
  version "5.3.0"
  resolved "https://registry.yarnpkg.com/@ethersproject/units/-/units-5.3.0.tgz#c4d1493532ad3d4ddf6e2bc4f8c94a2db933a8f5"
  integrity sha512-BkfccZGwfJ6Ob+AelpIrgAzuNhrN2VLp3AILnkqTOv+yBdsc83V4AYf25XC/u0rHnWl6f4POaietPwlMqP2vUg==
  dependencies:
    "@ethersproject/bignumber" "^5.3.0"
    "@ethersproject/constants" "^5.3.0"
    "@ethersproject/logger" "^5.3.0"

"@ethersproject/wallet@5.3.0":
  version "5.3.0"
  resolved "https://registry.yarnpkg.com/@ethersproject/wallet/-/wallet-5.3.0.tgz#91946b470bd279e39ade58866f21f92749d062af"
  integrity sha512-boYBLydG6671p9QoG6EinNnNzbm7DNOjVT20eV8J6HQEq4aUaGiA2CytF2vK+2rOEWbzhZqoNDt6AlkE1LlsTg==
  dependencies:
    "@ethersproject/abstract-provider" "^5.3.0"
    "@ethersproject/abstract-signer" "^5.3.0"
    "@ethersproject/address" "^5.3.0"
    "@ethersproject/bignumber" "^5.3.0"
    "@ethersproject/bytes" "^5.3.0"
    "@ethersproject/hash" "^5.3.0"
    "@ethersproject/hdnode" "^5.3.0"
    "@ethersproject/json-wallets" "^5.3.0"
    "@ethersproject/keccak256" "^5.3.0"
    "@ethersproject/logger" "^5.3.0"
    "@ethersproject/properties" "^5.3.0"
    "@ethersproject/random" "^5.3.0"
    "@ethersproject/signing-key" "^5.3.0"
    "@ethersproject/transactions" "^5.3.0"
    "@ethersproject/wordlists" "^5.3.0"

"@ethersproject/web@5.3.0", "@ethersproject/web@^5.3.0":
  version "5.3.0"
  resolved "https://registry.yarnpkg.com/@ethersproject/web/-/web-5.3.0.tgz#7959c403f6476c61515008d8f92da51c553a8ee1"
  integrity sha512-Ni6/DHnY6k/TD41LEkv0RQDx4jqWz5e/RZvrSecsxGYycF+MFy2z++T/yGc2peRunLOTIFwEksgEGGlbwfYmhQ==
  dependencies:
    "@ethersproject/base64" "^5.3.0"
    "@ethersproject/bytes" "^5.3.0"
    "@ethersproject/logger" "^5.3.0"
    "@ethersproject/properties" "^5.3.0"
    "@ethersproject/strings" "^5.3.0"

"@ethersproject/wordlists@5.3.0", "@ethersproject/wordlists@^5.3.0":
  version "5.3.0"
  resolved "https://registry.yarnpkg.com/@ethersproject/wordlists/-/wordlists-5.3.0.tgz#45a0205f5178c1de33d316cb2ab7ed5eac3c06c5"
  integrity sha512-JcwumCZcsUxgWpiFU/BRy6b4KlTRdOmYvOKZcAw/3sdF93/pZyPW5Od2hFkHS8oWp4xS06YQ+qHqQhdcxdHafQ==
  dependencies:
    "@ethersproject/bytes" "^5.3.0"
    "@ethersproject/hash" "^5.3.0"
    "@ethersproject/logger" "^5.3.0"
    "@ethersproject/properties" "^5.3.0"
    "@ethersproject/strings" "^5.3.0"

"@graphql-typed-document-node/core@^3.0.0":
  version "3.1.0"
  resolved "https://registry.yarnpkg.com/@graphql-typed-document-node/core/-/core-3.1.0.tgz#0eee6373e11418bfe0b5638f654df7a4ca6a3950"
  integrity sha512-wYn6r8zVZyQJ6rQaALBEln5B1pzxb9shV5Ef97kTvn6yVGrqyXVnDqnU24MXnFubR+rZjBY9NWuxX3FB2sTsjg==

"@reasonml-community/graphql-ppx@^1.2.0":
  version "1.2.0"
  resolved "https://registry.yarnpkg.com/@reasonml-community/graphql-ppx/-/graphql-ppx-1.2.0.tgz#5a51021dd43c3a090da34d2dfa22b2257fdb9049"
  integrity sha512-CKTzl/DZNT0QgpKjpi0Fij2R4r9c/oT+M8mEWYnNidaLDcFX7ZfcvmJA4ZhPYXRD6AGUO3cS1zQOJZSuJHKogQ==

"@rescript/react@0.10.1":
  version "0.10.1"
  resolved "https://registry.yarnpkg.com/@rescript/react/-/react-0.10.1.tgz#ddce66ba664a104354d559c350ca4ebf17ab5a26"
  integrity sha512-5eIfGnV1yhjv03ktK6fQ6iEfsZKXKXXrq5hx4+ngEY4R/RU8o/oH9ne375m9RJMugV/jsE8hMoEeSSg2YQy3Ag==

"@types/zen-observable@^0.8.0":
  version "0.8.2"
  resolved "https://registry.yarnpkg.com/@types/zen-observable/-/zen-observable-0.8.2.tgz#808c9fa7e4517274ed555fa158f2de4b4f468e71"
  integrity sha512-HrCIVMLjE1MOozVoD86622S7aunluLb2PJdPfb3nYiEtohm8mIB/vyv0Fd37AdeMFrTUQXEunw78YloMA3Qilg==

"@wry/context@^0.6.0":
  version "0.6.0"
  resolved "https://registry.yarnpkg.com/@wry/context/-/context-0.6.0.tgz#f903eceb89d238ef7e8168ed30f4511f92d83e06"
  integrity sha512-sAgendOXR8dM7stJw3FusRxFHF/ZinU0lffsA2YTyyIOfic86JX02qlPqPVqJNZJPAxFt+2EE8bvq6ZlS0Kf+Q==
  dependencies:
    tslib "^2.1.0"

"@wry/equality@^0.5.0":
  version "0.5.1"
  resolved "https://registry.yarnpkg.com/@wry/equality/-/equality-0.5.1.tgz#b22e4e1674d7bf1439f8ccdccfd6a785f6de68b0"
  integrity sha512-FZKbdpbcVcbDxQrKcaBClNsQaMg9nof1RKM7mReJe5DKUzM5u8S7T+PqwNqvib5O2j2xxF1R4p5O3+b6baTrbw==
  dependencies:
    tslib "^2.1.0"

"@wry/trie@^0.3.0":
  version "0.3.0"
  resolved "https://registry.yarnpkg.com/@wry/trie/-/trie-0.3.0.tgz#3245e74988c4e3033299e479a1bf004430752463"
  integrity sha512-Yw1akIogPhAT6XPYsRHlZZIS0tIGmAl9EYXHi2scf7LPKKqdqmow/Hu4kEqP2cJR3EjaU/9L0ZlAjFf3hFxmug==
  dependencies:
    tslib "^2.1.0"

aes-js@3.0.0:
  version "3.0.0"
  resolved "https://registry.yarnpkg.com/aes-js/-/aes-js-3.0.0.tgz#e21df10ad6c2053295bcbb8dab40b09dbea87e4d"
  integrity sha1-4h3xCtbCBTKVvLuNq0Cwnb6ofk0=

ansi-styles@^3.2.1:
  version "3.2.1"
  resolved "https://registry.yarnpkg.com/ansi-styles/-/ansi-styles-3.2.1.tgz#41fbb20243e50b12be0f04b8dedbf07520ce841d"
  integrity sha512-VT0ZI6kZRdTh8YyJw3SMbYm/u+NqfsAxEpWO0Pf9sq8/e94WxxOpPKx9FR1FlyCtOVDNOQ+8ntlqFxiRc+r5qA==
  dependencies:
    color-convert "^1.9.0"

backo2@^1.0.2:
  version "1.0.2"
  resolved "https://registry.yarnpkg.com/backo2/-/backo2-1.0.2.tgz#31ab1ac8b129363463e35b3ebb69f4dfcfba7947"
  integrity sha1-MasayLEpNjRj41s+u2n038+6eUc=

bech32@1.1.4:
  version "1.1.4"
  resolved "https://registry.yarnpkg.com/bech32/-/bech32-1.1.4.tgz#e38c9f37bf179b8eb16ae3a772b40c356d4832e9"
  integrity sha512-s0IrSOzLlbvX7yp4WBfPITzpAU8sqQcpsmwXDiKwrG4r491vwCO/XpejasRNl0piBMe/DvP4Tz0mIS/X1DPJBQ==

bn.js@^4.11.9:
  version "4.12.0"
  resolved "https://registry.yarnpkg.com/bn.js/-/bn.js-4.12.0.tgz#775b3f278efbb9718eec7361f483fb36fbbfea88"
  integrity sha512-c98Bf3tPniI+scsdk237ku1Dc3ujXQTSgyiPUDEOe7tRkhrqridvh8klBv0HCEso1OLOYcHuCv/cS6DNxKH+ZA==

bn.js@^5.1.3:
  version "5.2.0"
  resolved "https://registry.yarnpkg.com/bn.js/-/bn.js-5.2.0.tgz#358860674396c6997771a9d051fcc1b57d4ae002"
  integrity sha512-D7iWRBvnZE8ecXiLj/9wbxH7Tk79fAh8IHaTNq1RWRixsS02W+5qS+iE9yq6RYl0asXx5tw0bLhmT5pIfbSquw==

brorand@^1.1.0:
  version "1.1.0"
  resolved "https://registry.yarnpkg.com/brorand/-/brorand-1.1.0.tgz#12c25efe40a45e3c323eb8675a0a0ce57b22371f"
  integrity sha1-EsJe/kCkXjwyPrhnWgoM5XsiNx8=

chalk@^2.4.1:
  version "2.4.2"
  resolved "https://registry.yarnpkg.com/chalk/-/chalk-2.4.2.tgz#cd42541677a54333cf541a49108c1432b44c9424"
  integrity sha512-Mti+f9lpJNcwF4tWV8/OrTTtF1gZi+f8FqlyAdouralcFWFQWF2+NgCHShjkCb+IFBLq9buZwE1xckQU4peSuQ==
  dependencies:
    ansi-styles "^3.2.1"
    escape-string-regexp "^1.0.5"
    supports-color "^5.3.0"

color-convert@^1.9.0:
  version "1.9.3"
  resolved "https://registry.yarnpkg.com/color-convert/-/color-convert-1.9.3.tgz#bb71850690e1f136567de629d2d5471deda4c1e8"
  integrity sha512-QfAUtd+vFdAtFQcC8CCyYt1fYWxSqAiK2cSD6zDB8N3cpsEBAvRxp9zOGg6G/SHHJYAT88/az/IuDGALsNVbGg==
  dependencies:
    color-name "1.1.3"

color-name@1.1.3:
  version "1.1.3"
  resolved "https://registry.yarnpkg.com/color-name/-/color-name-1.1.3.tgz#a7d0558bd89c42f795dd42328f740831ca53bc25"
  integrity sha1-p9BVi9icQveV3UIyj3QIMcpTvCU=

dotenv@^8.2.0:
  version "8.6.0"
  resolved "https://registry.yarnpkg.com/dotenv/-/dotenv-8.6.0.tgz#061af664d19f7f4d8fc6e4ff9b584ce237adcb8b"
  integrity sha512-IrPdXQsk2BbzvCBGBOTmmSH5SodmqZNt4ERAZDmW4CT+tL8VtvinqywuANaFu4bOMWki16nqf0e4oC0QIaDr/g==

elliptic@6.5.4:
  version "6.5.4"
  resolved "https://registry.yarnpkg.com/elliptic/-/elliptic-6.5.4.tgz#da37cebd31e79a1367e941b592ed1fbebd58abbb"
  integrity sha512-iLhC6ULemrljPZb+QutR5TQGB+pdW6KGD5RSegS+8sorOZT+rdQFbsQFJgvN3eRqNALqJer4oQ16YvJHlU8hzQ==
  dependencies:
    bn.js "^4.11.9"
    brorand "^1.1.0"
    hash.js "^1.0.0"
    hmac-drbg "^1.0.1"
    inherits "^2.0.4"
    minimalistic-assert "^1.0.1"
    minimalistic-crypto-utils "^1.0.1"

escape-string-regexp@^1.0.5:
  version "1.0.5"
  resolved "https://registry.yarnpkg.com/escape-string-regexp/-/escape-string-regexp-1.0.5.tgz#1b61c0562190a8dff6ae3bb2cf0200ca130b86d4"
  integrity sha1-G2HAViGQqN/2rjuyzwIAyhMLhtQ=

ethers@^5.0.28:
  version "5.3.0"
  resolved "https://registry.yarnpkg.com/ethers/-/ethers-5.3.0.tgz#1ec14d09c461e8f2554b00cd080e94a3094e7e9d"
  integrity sha512-myN+338S4sFQZvQ9trii7xit8Hu/LnUtjA0ROFOHpUreQc3fgLZEMNVqF3vM1u2D78DIIeG1TbuozVCVlXQWvQ==
  dependencies:
    "@ethersproject/abi" "5.3.0"
    "@ethersproject/abstract-provider" "5.3.0"
    "@ethersproject/abstract-signer" "5.3.0"
    "@ethersproject/address" "5.3.0"
    "@ethersproject/base64" "5.3.0"
    "@ethersproject/basex" "5.3.0"
    "@ethersproject/bignumber" "5.3.0"
    "@ethersproject/bytes" "5.3.0"
    "@ethersproject/constants" "5.3.0"
    "@ethersproject/contracts" "5.3.0"
    "@ethersproject/hash" "5.3.0"
    "@ethersproject/hdnode" "5.3.0"
    "@ethersproject/json-wallets" "5.3.0"
    "@ethersproject/keccak256" "5.3.0"
    "@ethersproject/logger" "5.3.0"
    "@ethersproject/networks" "5.3.0"
    "@ethersproject/pbkdf2" "5.3.0"
    "@ethersproject/properties" "5.3.0"
    "@ethersproject/providers" "5.3.0"
    "@ethersproject/random" "5.3.0"
    "@ethersproject/rlp" "5.3.0"
    "@ethersproject/sha2" "5.3.0"
    "@ethersproject/signing-key" "5.3.0"
    "@ethersproject/solidity" "5.3.0"
    "@ethersproject/strings" "5.3.0"
    "@ethersproject/transactions" "5.3.0"
    "@ethersproject/units" "5.3.0"
    "@ethersproject/wallet" "5.3.0"
    "@ethersproject/web" "5.3.0"
    "@ethersproject/wordlists" "5.3.0"

eventemitter3@^3.1.0:
  version "3.1.2"
  resolved "https://registry.yarnpkg.com/eventemitter3/-/eventemitter3-3.1.2.tgz#2d3d48f9c346698fce83a85d7d664e98535df6e7"
  integrity sha512-tvtQIeLVHjDkJYnzf2dgVMxfuSGJeM/7UCG17TT4EumTfNtF+0nebF/4zWOIkCreAbtNqhGEboB6BWrwqNaw4Q==

fast-json-stable-stringify@^2.0.0:
  version "2.1.0"
  resolved "https://registry.yarnpkg.com/fast-json-stable-stringify/-/fast-json-stable-stringify-2.1.0.tgz#874bf69c6f404c2b5d99c481341399fd55892633"
  integrity sha512-lhd/wF+Lk98HZoTCtlVraHtfh5XYijIjalXck7saUtuanSDyLMxnHhSXEDJqHxD7msR8D0uCmqlkwjCV8xvwHw==

get-graphql-schema@^2.1.2:
  version "2.1.2"
  resolved "https://registry.yarnpkg.com/get-graphql-schema/-/get-graphql-schema-2.1.2.tgz#ffa418534224a75cd7afc8f87b70109ca9ec3fe9"
  integrity sha512-1z5Hw91VrE3GrpCZE6lE8Dy+jz4kXWesLS7rCSjwOxf5BOcIedAZeTUJRIeIzmmR+PA9CKOkPTYFRJbdgUtrxA==
  dependencies:
    chalk "^2.4.1"
    graphql "^14.0.2"
    minimist "^1.2.0"
    node-fetch "^2.2.0"

graphql-tag@^2.11.0, graphql-tag@^2.12.0:
  version "2.12.4"
  resolved "https://registry.yarnpkg.com/graphql-tag/-/graphql-tag-2.12.4.tgz#d34066688a4f09e72d6f4663c74211e9b4b7c4bf"
  integrity sha512-VV1U4O+9x99EkNpNmCUV5RZwq6MnK4+pGbRYWG+lA/m3uo7TSqJF81OkcOP148gFP6fzdl7JWYBrwWVTS9jXww==
  dependencies:
    tslib "^2.1.0"

graphql@^14.0.2:
  version "14.7.0"
  resolved "https://registry.yarnpkg.com/graphql/-/graphql-14.7.0.tgz#7fa79a80a69be4a31c27dda824dc04dac2035a72"
  integrity sha512-l0xWZpoPKpppFzMfvVyFmp9vLN7w/ZZJPefUicMCepfJeQ8sMcztloGYY9DfjVPo6tIUDzU5Hw3MUbIjj9AVVA==
  dependencies:
    iterall "^1.2.2"

has-flag@^3.0.0:
  version "3.0.0"
  resolved "https://registry.yarnpkg.com/has-flag/-/has-flag-3.0.0.tgz#b5d454dc2199ae225699f3467e5a07f3b955bafd"
  integrity sha1-tdRU3CGZriJWmfNGfloH87lVuv0=

hash.js@1.1.7, hash.js@^1.0.0, hash.js@^1.0.3:
  version "1.1.7"
  resolved "https://registry.yarnpkg.com/hash.js/-/hash.js-1.1.7.tgz#0babca538e8d4ee4a0f8988d68866537a003cf42"
  integrity sha512-taOaskGt4z4SOANNseOviYDvjEJinIkRgmp7LbKP2YTTmVxWBl87s/uzK9r+44BclBSp2X7K1hqeNfz9JbBeXA==
  dependencies:
    inherits "^2.0.3"
    minimalistic-assert "^1.0.1"

hmac-drbg@^1.0.1:
  version "1.0.1"
  resolved "https://registry.yarnpkg.com/hmac-drbg/-/hmac-drbg-1.0.1.tgz#d2745701025a6c775a6c545793ed502fc0c649a1"
  integrity sha1-0nRXAQJabHdabFRXk+1QL8DGSaE=
  dependencies:
    hash.js "^1.0.3"
    minimalistic-assert "^1.0.0"
    minimalistic-crypto-utils "^1.0.1"

hoist-non-react-statics@^3.3.2:
  version "3.3.2"
  resolved "https://registry.yarnpkg.com/hoist-non-react-statics/-/hoist-non-react-statics-3.3.2.tgz#ece0acaf71d62c2969c2ec59feff42a4b1a85b45"
  integrity sha512-/gGivxi8JPKWNm/W0jSmzcMPpfpPLc3dY/6GxhX2hQ9iGj3aDfklV4ET7NjKpSinLpJ5vafa9iiGIEZg10SfBw==
  dependencies:
    react-is "^16.7.0"

inherits@^2.0.3, inherits@^2.0.4:
  version "2.0.4"
  resolved "https://registry.yarnpkg.com/inherits/-/inherits-2.0.4.tgz#0fa2c64f932917c3433a0ded55363aae37416b7c"
  integrity sha512-k/vGaX4/Yla3WzyMCvTQOXYeIHvqOKtnqBduzTHpzpQZzAskKMhZ2K+EnBiSM9zGSoIFeMpXKxa4dYeZIQqewQ==

isomorphic-fetch@^3.0.0:
  version "3.0.0"
  resolved "https://registry.yarnpkg.com/isomorphic-fetch/-/isomorphic-fetch-3.0.0.tgz#0267b005049046d2421207215d45d6a262b8b8b4"
  integrity sha512-qvUtwJ3j6qwsF3jLxkZ72qCgjMysPzDfeV240JHiGZsANBYd+EEuu35v7dfrJ9Up0Ak07D7GGSkGhCHTqg/5wA==
  dependencies:
    node-fetch "^2.6.1"
    whatwg-fetch "^3.4.1"

iterall@^1.2.1, iterall@^1.2.2:
  version "1.3.0"
  resolved "https://registry.yarnpkg.com/iterall/-/iterall-1.3.0.tgz#afcb08492e2915cbd8a0884eb93a8c94d0d72fea"
  integrity sha512-QZ9qOMdF+QLHxy1QIpUHUU1D5pS2CG2P69LF6L6CPjPYA/XMOmKV3PZpawHoAjHNyB0swdVTRxdYT4tbBbxqwg==

js-sha3@0.5.7:
  version "0.5.7"
  resolved "https://registry.yarnpkg.com/js-sha3/-/js-sha3-0.5.7.tgz#0d4ffd8002d5333aabaf4a23eed2f6374c9f28e7"
  integrity sha1-DU/9gALVMzqrr0oj7tL2N0yfKOc=

"js-tokens@^3.0.0 || ^4.0.0":
  version "4.0.0"
  resolved "https://registry.yarnpkg.com/js-tokens/-/js-tokens-4.0.0.tgz#19203fb59991df98e3a287050d4647cdeaf32499"
  integrity sha512-RdJUflcE3cUzKiMqQgsCu06FPu9UdIJO0beYbPhHN4k6apgJtifcoCtT9bcxOpYBtpD2kCM6Sbzg4CausW/PKQ==

loose-envify@^1.1.0, loose-envify@^1.4.0:
  version "1.4.0"
  resolved "https://registry.yarnpkg.com/loose-envify/-/loose-envify-1.4.0.tgz#71ee51fa7be4caec1a63839f7e682d8132d30caf"
  integrity sha512-lyuxPGr/Wfhrlem2CL/UcnUc1zcqKAImBDzukY7Y5F/yQiNdko6+fRLevlw1HgMySw7f611UIY408EtxRSoK3Q==
  dependencies:
    js-tokens "^3.0.0 || ^4.0.0"

minimalistic-assert@^1.0.0, minimalistic-assert@^1.0.1:
  version "1.0.1"
  resolved "https://registry.yarnpkg.com/minimalistic-assert/-/minimalistic-assert-1.0.1.tgz#2e194de044626d4a10e7f7fbc00ce73e83e4d5c7"
  integrity sha512-UtJcAD4yEaGtjPezWuO9wC4nwUnVH/8/Im3yEHQP4b67cXlD/Qr9hdITCU1xDbSEXg2XKNaP8jsReV7vQd00/A==

minimalistic-crypto-utils@^1.0.1:
  version "1.0.1"
  resolved "https://registry.yarnpkg.com/minimalistic-crypto-utils/-/minimalistic-crypto-utils-1.0.1.tgz#f6c00c1c0b082246e5c4d99dfb8c7c083b2b582a"
  integrity sha1-9sAMHAsIIkblxNmd+4x8CDsrWCo=

minimist@^1.2.0:
  version "1.2.5"
  resolved "https://registry.yarnpkg.com/minimist/-/minimist-1.2.5.tgz#67d66014b66a6a8aaa0c083c5fd58df4e4e97602"
  integrity sha512-FM9nNUYrRBAELZQT3xeZQ7fmMOBg6nWNmJKTcgsJeaLstP/UODVpGsr5OhXhhXg6f+qtJ8uiZ+PUxkDWcgIXLw==

node-fetch@^2.2.0, node-fetch@^2.6.1:
  version "2.6.1"
  resolved "https://registry.yarnpkg.com/node-fetch/-/node-fetch-2.6.1.tgz#045bd323631f76ed2e2b55573394416b639a0052"
  integrity sha512-V4aYg89jEoVRxRb2fJdAg8FHvI7cEyYdVAh94HH0UIK8oJxUfkjlDQN9RbMx+bEjP7+ggMiFRprSti032Oipxw==

object-assign@^4.1.1:
  version "4.1.1"
  resolved "https://registry.yarnpkg.com/object-assign/-/object-assign-4.1.1.tgz#2109adc7965887cfc05cbbd442cac8bfbb360863"
  integrity sha1-IQmtx5ZYh8/AXLvUQsrIv7s2CGM=

optimism@^0.16.0:
  version "0.16.1"
  resolved "https://registry.yarnpkg.com/optimism/-/optimism-0.16.1.tgz#7c8efc1f3179f18307b887e18c15c5b7133f6e7d"
  integrity sha512-64i+Uw3otrndfq5kaoGNoY7pvOhSsjFEN4bdEFh80MWVk/dbgJfMv7VFDeCT8LxNAlEVhQmdVEbfE7X2nWNIIg==
  dependencies:
    "@wry/context" "^0.6.0"
    "@wry/trie" "^0.3.0"

prop-types@^15.7.2:
  version "15.7.2"
  resolved "https://registry.yarnpkg.com/prop-types/-/prop-types-15.7.2.tgz#52c41e75b8c87e72b9d9360e0206b99dcbffa6c5"
  integrity sha512-8QQikdH7//R2vurIJSutZ1smHYTcLpRWEOlHnzcWHmBYrOGUysKwSsrC89BCiFj3CbrfJ/nXFdJepOVrY1GCHQ==
  dependencies:
    loose-envify "^1.4.0"
    object-assign "^4.1.1"
    react-is "^16.8.1"

react-is@^16.7.0, react-is@^16.8.1:
  version "16.13.1"
  resolved "https://registry.yarnpkg.com/react-is/-/react-is-16.13.1.tgz#789729a4dc36de2999dc156dd6c1d9c18cea56a4"
  integrity sha512-24e6ynE2H+OKt4kqsOvNd8kBpV65zoxbA4BVsEOB3ARVWQki/DHzaUoC5KuON/BiccDaCCTZBuOcfZs70kR8bQ==

react@^17.0.1:
  version "17.0.2"
  resolved "https://registry.yarnpkg.com/react/-/react-17.0.2.tgz#d0b5cc516d29eb3eee383f75b62864cfb6800037"
  integrity sha512-gnhPt75i/dq/z3/6q/0asP78D0u592D5L1pd7M8P+dck6Fu/jJeL6iVVK23fptSUZj8Vjf++7wXA8UNclGQcbA==
  dependencies:
    loose-envify "^1.1.0"
    object-assign "^4.1.1"

rescript-apollo-client@^2.0.1:
  version "2.0.1"
  resolved "https://registry.yarnpkg.com/rescript-apollo-client/-/rescript-apollo-client-2.0.1.tgz#c08af3668e45dbbac8e8fc7637e62d92f1a8e14a"
  integrity sha512-1329IpMGefknnKRhtPbzcwm3KwEbfhoP2tsMlanR6QbYm3L3zFZFywSTEnJLq/SmddjI4kdsJ8mJKJNsMQ/dNw==

rescript@^9.1.3:
  version "9.1.3"
  resolved "https://registry.yarnpkg.com/rescript/-/rescript-9.1.3.tgz#1a0f41342acd8dc4e26fd1782d0997b8a7577698"
  integrity sha512-TpfW3DakgCJtWbRvAek7cysuikBWarjqt8PrbFg0Rk3O+o4dt0inBdxyZe/+u3LOAWzyKK+2UlqC0xiCBgs6pQ==

scrypt-js@3.0.1:
  version "3.0.1"
  resolved "https://registry.yarnpkg.com/scrypt-js/-/scrypt-js-3.0.1.tgz#d314a57c2aef69d1ad98a138a21fe9eafa9ee312"
  integrity sha512-cdwTTnqPu0Hyvf5in5asVdZocVDTNRmR7XEcJuIzMjJeSHybHl7vpB66AzwTaIg6CLSbtjcxc8fqcySfnTkccA==

subscriptions-transport-ws@^0.9.18:
  version "0.9.19"
  resolved "https://registry.yarnpkg.com/subscriptions-transport-ws/-/subscriptions-transport-ws-0.9.19.tgz#10ca32f7e291d5ee8eb728b9c02e43c52606cdcf"
  integrity sha512-dxdemxFFB0ppCLg10FTtRqH/31FNRL1y1BQv8209MK5I4CwALb7iihQg+7p65lFcIl8MHatINWBLOqpgU4Kyyw==
  dependencies:
    backo2 "^1.0.2"
    eventemitter3 "^3.1.0"
    iterall "^1.2.1"
    symbol-observable "^1.0.4"
    ws "^5.2.0 || ^6.0.0 || ^7.0.0"

supports-color@^5.3.0:
  version "5.5.0"
  resolved "https://registry.yarnpkg.com/supports-color/-/supports-color-5.5.0.tgz#e2e69a44ac8772f78a1ec0b35b689df6530efc8f"
  integrity sha512-QjVjwdXIt408MIiAqCX4oUKsgU2EqAGzs2Ppkm4aQYbjm+ZEWEcW4SfFNTr4uMNZma0ey4f5lgLrkB0aX0QMow==
  dependencies:
    has-flag "^3.0.0"

symbol-observable@^1.0.4:
  version "1.2.0"
  resolved "https://registry.yarnpkg.com/symbol-observable/-/symbol-observable-1.2.0.tgz#c22688aed4eab3cdc2dfeacbb561660560a00804"
  integrity sha512-e900nM8RRtGhlV36KGEU9k65K3mPb1WV70OdjfxlG2EAuM1noi/E/BaW/uMhL7bPEssK8QV57vN3esixjUvcXQ==

symbol-observable@^4.0.0:
  version "4.0.0"
  resolved "https://registry.yarnpkg.com/symbol-observable/-/symbol-observable-4.0.0.tgz#5b425f192279e87f2f9b937ac8540d1984b39205"
  integrity sha512-b19dMThMV4HVFynSAM1++gBHAbk2Tc/osgLIBZMKsyqh34jb2e8Os7T6ZW/Bt3pJFdBTd2JwAnAAEQV7rSNvcQ==

ts-invariant@^0.7.0:
  version "0.7.3"
  resolved "https://registry.yarnpkg.com/ts-invariant/-/ts-invariant-0.7.3.tgz#13aae22a4a165393aaf5cecdee45ef4128d358b8"
  integrity sha512-UWDDeovyUTIMWj+45g5nhnl+8oo+GhxL5leTaHn5c8FkQWfh8v66gccLd2/YzVmV5hoQUjCEjhrXnQqVDJdvKA==
  dependencies:
    tslib "^2.1.0"

tslib@^1.10.0:
  version "1.14.1"
  resolved "https://registry.yarnpkg.com/tslib/-/tslib-1.14.1.tgz#cf2d38bdc34a134bcaf1091c41f6619e2f672d00"
  integrity sha512-Xni35NKzjgMrwevysHTCArtLDpPvye8zV/0E4EyYn43P7/7qvQwPh9BGkHewbMulVntbigmcT7rdX3BNo9wRJg==

tslib@^2.1.0:
  version "2.2.0"
  resolved "https://registry.yarnpkg.com/tslib/-/tslib-2.2.0.tgz#fb2c475977e35e241311ede2693cee1ec6698f5c"
  integrity sha512-gS9GVHRU+RGn5KQM2rllAlR3dU6m7AcpJKdtH8gFvQiC4Otgk98XnmMU+nZenHt/+VhnBPWwgrJsyrdcw6i23w==

whatwg-fetch@^3.4.1:
  version "3.6.2"
  resolved "https://registry.yarnpkg.com/whatwg-fetch/-/whatwg-fetch-3.6.2.tgz#dced24f37f2624ed0281725d51d0e2e3fe677f8c"
  integrity sha512-bJlen0FcuU/0EMLrdbJ7zOnW6ITZLrZMIarMUVmdKtsGvZna8vxKYaexICWPfZ8qwf9fzNq+UEIZrnSaApt6RA==

ws@7.4.6, "ws@^5.2.0 || ^6.0.0 || ^7.0.0":
  version "7.4.6"
  resolved "https://registry.yarnpkg.com/ws/-/ws-7.4.6.tgz#5654ca8ecdeee47c33a9a4bf6d28e2be2980377c"
  integrity sha512-YmhHDO4MzaDLB+M9ym/mDA5z0naX8j7SIlT8f8z+I0VtzsRbekxEutHSme7NPS2qE8StCYQNUnfWdXta/Yu85A==

zen-observable@^0.8.14:
  version "0.8.15"
  resolved "https://registry.yarnpkg.com/zen-observable/-/zen-observable-0.8.15.tgz#96415c512d8e3ffd920afd3889604e30b9eaac15"
  integrity sha512-PQ2PC7R9rslx84ndNBZB/Dkv8V8fZEpk83RLgXtYd0fwUgEjseMn1Dgajh2x6S8QbZAFa9p2qVCEuYZNgve0dQ==
